Microsoft Visual Studio Solution File, Format Version 12.00
# Visual Studio Version 16
VisualStudioVersion = 16.0.29215.179
MinimumVisualStudioVersion = 10.0.40219.1
Project("{9A19103F-16F7-4668-BE54-9A1E7A4F7556}") = "HomeBot", "HomeBot.Web\HomeBot.csproj", "{352D19EF-79F6-4F6F-B958-C71F6966D19B}"
EndProject
Project("{9A19103F-16F7-4668-BE54-9A1E7A4F7556}") = "HomeBot.Services", "HomeBot.Services\HomeBot.Services.csproj", "{72C4CF95-CF80-4BC3-98F1-26E3D82D130D}"
EndProject
Global
	GlobalSection(SolutionConfigurationPlatforms) = preSolution
		Debug|Any CPU = Debug|Any CPU
		Release|Any CPU = Release|Any CPU
	EndGlobalSection
	GlobalSection(ProjectConfigurationPlatforms) = postSolution
		{352D19EF-79F6-4F6F-B958-C71F6966D19B}.Debug|Any CPU.ActiveCfg = Debug|Any CPU
		{352D19EF-79F6-4F6F-B958-C71F6966D19B}.Debug|Any CPU.Build.0 = Debug|Any CPU
		{352D19EF-79F6-4F6F-B958-C71F6966D19B}.Release|Any CPU.ActiveCfg = Release|Any CPU
		{352D19EF-79F6-4F6F-B958-C71F6966D19B}.Release|Any CPU.Build.0 = Release|Any CPU
		{72C4CF95-CF80-4BC3-98F1-26E3D82D130D}.Debug|Any CPU.ActiveCfg = Debug|Any CPU
		{72C4CF95-CF80-4BC3-98F1-26E3D82D130D}.Debug|Any CPU.Build.0 = Debug|Any CPU
		{72C4CF95-CF80-4BC3-98F1-26E3D82D130D}.Release|Any CPU.ActiveCfg = Release|Any CPU
		{72C4CF95-CF80-4BC3-98F1-26E3D82D130D}.Release|Any CPU.Build.0 = Release|Any CPU
	EndGlobalSection
	GlobalSection(SolutionProperties) = preSolution
		HideSolutionNode = FALSE
	EndGlobalSection
	GlobalSection(ExtensibilityGlobals) = postSolution
		SolutionGuid = {F3013B48-9EB8-4BDD-B440-F10338CC37F3}
	EndGlobalSection
EndGlobal
